
Microsoft Visual Studio Solution File, Format Version 12.00
# Visual Studio Version 16
VisualStudioVersion = 16.0.30225.117
MinimumVisualStudioVersion = 10.0.40219.1
Project("{8BC9CEB8-8B4A-11D0-8D11-00A0C91BC942}") = "ConsoleStudy", "ConsoleStudy\ConsoleStudy.vcxproj", "{9F08B231-B1B9-4038-AF13-E9CDFC919DAD}"
EndProject
Global
	GlobalSection(SolutionConfigurationPlatforms) = preSolution
		Debug|x64 = Debug|x64
		Debug|x86 = Debug|x86
		Release|x64 = Release|x64
		Release|x86 = Release|x86
	EndGlobalSection
	GlobalSection(ProjectConfigurationPlatforms) = postSolution
		{9F08B231-B1B9-4038-AF13-E9CDFC919DAD}.Debug|x64.ActiveCfg = Debug|x64
		{9F08B231-B1B9-4038-AF13-E9CDFC919DAD}.Debug|x64.Build.0 = Debug|x64
		{9F08B231-B1B9-4038-AF13-E9CDFC919DAD}.Debug|x86.ActiveCfg = Debug|Win32
		{9F08B231-B1B9-4038-AF13-E9CDFC919DAD}.Debug|x86.Build.0 = Debug|Win32
		{9F08B231-B1B9-4038-AF13-E9CDFC919DAD}.Release|x64.ActiveCfg = Release|x64
		{9F08B231-B1B9-4038-AF13-E9CDFC919DAD}.Release|x64.Build.0 = Release|x64
		{9F08B231-B1B9-4038-AF13-E9CDFC919DAD}.Release|x86.ActiveCfg = Release|Win32
		{9F08B231-B1B9-4038-AF13-E9CDFC919DAD}.Release|x86.Build.0 = Release|Win32
	EndGlobalSection
	GlobalSection(SolutionProperties) = preSolution
		HideSolutionNode = FALSE
	EndGlobalSection
	GlobalSection(ExtensibilityGlobals) = postSolution
		SolutionGuid = {ED6A3B5B-317D-4495-A80A-5581C598EFC1}
	EndGlobalSection
EndGlobal
